
Microsoft Visual Studio Solution File, Format Version 12.00
# Visual Studio Version 16
VisualStudioVersion = 16.0.31702.278
MinimumVisualStudioVersion = 10.0.40219.1
Project("{FAE04EC0-301F-11D3-BF4B-00C04F79EFBC}") = "API_Testing", "IC_API_Testing\API_Testing.csproj", "{C9638C96-7BB8-465C-9194-96EC387C709D}"
EndProject
Global
	GlobalSection(SolutionConfigurationPlatforms) = preSolution
		Debug|Any CPU = Debug|Any CPU
		Release|Any CPU = Release|Any CPU
	EndGlobalSection
	GlobalSection(ProjectConfigurationPlatforms) = postSolution
		{C9638C96-7BB8-465C-9194-96EC387C709D}.Debug|Any CPU.ActiveCfg = Debug|Any CPU
		{C9638C96-7BB8-465C-9194-96EC387C709D}.Debug|Any CPU.Build.0 = Debug|Any CPU
		{C9638C96-7BB8-465C-9194-96EC387C709D}.Release|Any CPU.ActiveCfg = Release|Any CPU
		{C9638C96-7BB8-465C-9194-96EC387C709D}.Release|Any CPU.Build.0 = Release|Any CPU
	EndGlobalSection
	GlobalSection(SolutionProperties) = preSolution
		HideSolutionNode = FALSE
	EndGlobalSection
	GlobalSection(ExtensibilityGlobals) = postSolution
		SolutionGuid = {B3957418-BBEE-4B2D-95F6-D0C6DB38C42D}
	EndGlobalSection
EndGlobal
